
Microsoft Visual Studio Solution File, Format Version 12.00
# Visual Studio 15
VisualStudioVersion = 15.0.28307.779
MinimumVisualStudioVersion = 10.0.40219.1
Project("{888888A0-9F3D-457C-B088-3A5042F75D52}") = "CCSlab", "CCSlab.pyproj", "{0CAD6802-CCD0-4F36-BE62-28F0E5B25F7C}"
EndProject
Global
	GlobalSection(SolutionConfigurationPlatforms) = preSolution
		Debug|Any CPU = Debug|Any CPU
		Release|Any CPU = Release|Any CPU
	EndGlobalSection
	GlobalSection(ProjectConfigurationPlatforms) = postSolution
		{0CAD6802-CCD0-4F36-BE62-28F0E5B25F7C}.Debug|Any CPU.ActiveCfg = Debug|Any CPU
		{0CAD6802-CCD0-4F36-BE62-28F0E5B25F7C}.Release|Any CPU.ActiveCfg = Release|Any CPU
	EndGlobalSection
	GlobalSection(SolutionProperties) = preSolution
		HideSolutionNode = FALSE
	EndGlobalSection
	GlobalSection(ExtensibilityGlobals) = postSolution
		SolutionGuid = {C22002A1-91AD-4319-8E70-08D5263DAC11}
	EndGlobalSection
EndGlobal
